<Solution>
  <Folder Name="/src/">
    <Project Path="src/AuctionService/AuctionService.csproj" />
    <Project Path="src/BidService/BidService.csproj" />
    <Project Path="src/Caching/Caching.csproj" />
    <Project Path="src/Contracts/Contracts.csproj" />
    <Project Path="src/GatewayService/GatewayService.csproj" />
    <Project Path="src/IdentityService/IdentityService.csproj" />
    <Project Path="src/NotificationService/NotificationService.csproj" />
    <Project Path="src/SearchService/SearchService.csproj" />
    <Project Path="src/SettlementService/SettlementService.csproj" />
  </Folder>
  <Folder Name="/tests/">
    <Project Path="tests/KitVault.Tests/KitVault.Tests.csproj" />
  </Folder>
</Solution>
